{
  "version": "3",
  "packages": {
    "specifiers": {
      "npm:@atproto/api": "npm:@atproto/api@0.12.8",
      "npm:preact": "npm:preact@10.22.0",
      "npm:preact-render-to-string": "npm:preact-render-to-string@6.5.5_preact@10.22.0",
      "npm:preact@10.22.0": "npm:preact@10.22.0",
      "npm:sanitize-html": "npm:sanitize-html@2.13.0"
    },
    "npm": {
      "@atproto/api@0.12.8": {
        "integrity": "sha512-aNbiDuaslCxS3XyMRK40/ERerqAmk5HjQc7ivTBuPQy1Svmphl5ccnsUVxJ81xjpxjv9Fli2iPgomvRFdusuNQ==",
        "dependencies": {
          "@atproto/common-web": "@atproto/common-web@0.3.0",
          "@atproto/lexicon": "@atproto/lexicon@0.4.0",
          "@atproto/syntax": "@atproto/syntax@0.3.0",
          "@atproto/xrpc": "@atproto/xrpc@0.5.0",
          "multiformats": "multiformats@9.9.0",
          "tlds": "tlds@1.252.0"
        }
      },
      "@atproto/common-web@0.3.0": {
        "integrity": "sha512-67VnV6JJyX+ZWyjV7xFQMypAgDmjVaR9ZCuU/QW+mqlqI7fex2uL4Fv+7/jHadgzhuJHVd6OHOvNn0wR5WZYtA==",
        "dependencies": {
          "graphemer": "graphemer@1.4.0",
          "multiformats": "multiformats@9.9.0",
          "uint8arrays": "uint8arrays@3.0.0",
          "zod": "zod@3.23.7"
        }
      },
      "@atproto/lexicon@0.4.0": {
        "integrity": "sha512-RvCBKdSI4M8qWm5uTNz1z3R2yIvIhmOsMuleOj8YR6BwRD+QbtUBy3l+xQ7iXf4M5fdfJFxaUNa6Ty0iRwdKqQ==",
        "dependencies": {
          "@atproto/common-web": "@atproto/common-web@0.3.0",
          "@atproto/syntax": "@atproto/syntax@0.3.0",
          "iso-datestring-validator": "iso-datestring-validator@2.2.2",
          "multiformats": "multiformats@9.9.0",
          "zod": "zod@3.23.7"
        }
      },
      "@atproto/syntax@0.3.0": {
        "integrity": "sha512-Weq0ZBxffGHDXHl9U7BQc2BFJi/e23AL+k+i5+D9hUq/bzT4yjGsrCejkjq0xt82xXDjmhhvQSZ0LqxyZ5woxA==",
        "dependencies": {}
      },
      "@atproto/xrpc@0.5.0": {
        "integrity": "sha512-swu+wyOLvYW4l3n+VAuJbHcPcES+tin2Lsrp8Bw5aIXIICiuFn1YMFlwK9JwVUzTH21Py1s1nHEjr4CJeElJog==",
        "dependencies": {
          "@atproto/lexicon": "@atproto/lexicon@0.4.0",
          "zod": "zod@3.23.7"
        }
      },
      "deepmerge@4.3.1": {
        "integrity": "sha512-3sUqbMEc77XqpdNO7FRyRog+eW3ph+GYCbj+rK+uYyRMuwsVy0rMiVtPn+QJlKFvWP/1PYpapqYn0Me2knFn+A==",
        "dependencies": {}
      },
      "dom-serializer@2.0.0": {
        "integrity": "sha512-wIkAryiqt/nV5EQKqQpo3SToSOV9J0DnbJqwK7Wv/Trc92zIAYZ4FlMu+JPFW1DfGFt81ZTCGgDEabffXeLyJg==",
        "dependencies": {
          "domelementtype": "domelementtype@2.3.0",
          "domhandler": "domhandler@5.0.3",
          "entities": "entities@4.5.0"
        }
      },
      "domelementtype@2.3.0": {
        "integrity": "sha512-OLETBj6w0OsagBwdXnPdN0cnMfF9opN69co+7ZrbfPGrdpPVNBUj02spi6B1N7wChLQiPn4CSH/zJvXw56gmHw==",
        "dependencies": {}
      },
      "domhandler@5.0.3": {
        "integrity": "sha512-cgwlv/1iFQiFnU96XXgROh8xTeetsnJiDsTc7TYCLFd9+/WNkIqPTxiM/8pSd8VIrhXGTf1Ny1q1hquVqDJB5w==",
        "dependencies": {
          "domelementtype": "domelementtype@2.3.0"
        }
      },
      "domutils@3.1.0": {
        "integrity": "sha512-H78uMmQtI2AhgDJjWeQmHwJJ2bLPD3GMmO7Zja/ZZh84wkm+4ut+IUnUdRa8uCGX88DiVx1j6FRe1XfxEgjEZA==",
        "dependencies": {
          "dom-serializer": "dom-serializer@2.0.0",
          "domelementtype": "domelementtype@2.3.0",
          "domhandler": "domhandler@5.0.3"
        }
      },
      "entities@4.5.0": {
        "integrity": "sha512-V0hjH4dGPh9Ao5p0MoRY6BVqtwCjhz6vI5LT8AJ55H+4g9/4vbHx1I54fS0XuclLhDHArPQCiMjDxjaL8fPxhw==",
        "dependencies": {}
      },
      "escape-string-regexp@4.0.0": {
        "integrity": "sha512-TtpcNJ3XAzx3Gq8sWRzJaVajRs0uVxA2YAkdb1jm2YkPz4G6egUFAyA3n5vtEIZefPk5Wa4UXbKuS5fKkJWdgA==",
        "dependencies": {}
      },
      "graphemer@1.4.0": {
        "integrity": "sha512-EtKwoO6kxCL9WO5xipiHTZlSzBm7WLT627TqC/uVRd0HKmq8NXyebnNYxDoBi7wt8eTWrUrKXCOVaFq9x1kgag==",
        "dependencies": {}
      },
      "htmlparser2@8.0.2": {
        "integrity": "sha512-GYdjWKDkbRLkZ5geuHs5NY1puJ+PXwP7+fHPRz06Eirsb9ugf6d8kkXav6ADhcODhFFPMIXyxkxSuMf3D6NCFA==",
        "dependencies": {
          "domelementtype": "domelementtype@2.3.0",
          "domhandler": "domhandler@5.0.3",
          "domutils": "domutils@3.1.0",
          "entities": "entities@4.5.0"
        }
      },
      "is-plain-object@5.0.0": {
        "integrity": "sha512-VRSzKkbMm5jMDoKLbltAkFQ5Qr7VDiTFGXxYFXXowVj387GeGNOCsOH6Msy00SGZ3Fp84b1Naa1psqgcCIEP5Q==",
        "dependencies": {}
      },
      "iso-datestring-validator@2.2.2": {
        "integrity": "sha512-yLEMkBbLZTlVQqOnQ4FiMujR6T4DEcCb1xizmvXS+OxuhwcbtynoosRzdMA69zZCShCNAbi+gJ71FxZBBXx1SA==",
        "dependencies": {}
      },
      "multiformats@9.9.0": {
        "integrity": "sha512-HoMUjhH9T8DDBNT+6xzkrd9ga/XiBI4xLr58LJACwK6G3HTOPeMz4nB4KJs33L2BelrIJa7P0VuNaVF3hMYfjg==",
        "dependencies": {}
      },
      "nanoid@3.3.7": {
        "integrity": "sha512-eSRppjcPIatRIMC1U6UngP8XFcz8MQWGQdt1MTBQ7NaAmvXDfvNxbvWV3x2y6CdEUciCSsDHDQZbhYaB8QEo2g==",
        "dependencies": {}
      },
      "parse-srcset@1.0.2": {
        "integrity": "sha512-/2qh0lav6CmI15FzA3i/2Bzk2zCgQhGMkvhOhKNcBVQ1ldgpbfiNTVslmooUmWJcADi1f1kIeynbDRVzNlfR6Q==",
        "dependencies": {}
      },
      "picocolors@1.0.1": {
        "integrity": "sha512-anP1Z8qwhkbmu7MFP5iTt+wQKXgwzf7zTyGlcdzabySa9vd0Xt392U0rVmz9poOaBj0uHJKyyo9/upk0HrEQew==",
        "dependencies": {}
      },
      "postcss@8.4.38": {
        "integrity": "sha512-Wglpdk03BSfXkHoQa3b/oulrotAkwrlLDRSOb9D0bN86FdRyE9lppSp33aHNPgBa0JKCoB+drFLZkQoRRYae5A==",
        "dependencies": {
          "nanoid": "nanoid@3.3.7",
          "picocolors": "picocolors@1.0.1",
          "source-map-js": "source-map-js@1.2.0"
        }
      },
      "preact-render-to-string@6.5.5_preact@10.22.0": {
        "integrity": "sha512-KiMFTKNTmT/ccE79BURR/r6XRc2I2TCTZ0MpeWqHW2XnllbeghXvwGsdAfF/MzMilUcTfODtSmMxgoRFL9TM5g==",
        "dependencies": {
          "preact": "preact@10.22.0"
        }
      },
      "preact@10.22.0": {
        "integrity": "sha512-RRurnSjJPj4rp5K6XoP45Ui33ncb7e4H7WiOHVpjbkvqvA3U+N8Z6Qbo0AE6leGYBV66n8EhEaFixvIu3SkxFw==",
        "dependencies": {}
      },
      "sanitize-html@2.13.0": {
        "integrity": "sha512-Xff91Z+4Mz5QiNSLdLWwjgBDm5b1RU6xBT0+12rapjiaR7SwfRdjw8f+6Rir2MXKLrDicRFHdb51hGOAxmsUIA==",
        "dependencies": {
          "deepmerge": "deepmerge@4.3.1",
          "escape-string-regexp": "escape-string-regexp@4.0.0",
          "htmlparser2": "htmlparser2@8.0.2",
          "is-plain-object": "is-plain-object@5.0.0",
          "parse-srcset": "parse-srcset@1.0.2",
          "postcss": "postcss@8.4.38"
        }
      },
      "source-map-js@1.2.0": {
        "integrity": "sha512-itJW8lvSA0TXEphiRoawsCksnlf8SyvmFzIhltqAHluXd88pkCd+cXJVHTDwdCr0IzwptSm035IHQktUu1QUMg==",
        "dependencies": {}
      },
      "tlds@1.252.0": {
        "integrity": "sha512-GA16+8HXvqtfEnw/DTcwB0UU354QE1n3+wh08oFjr6Znl7ZLAeUgYzCcK+/CCrOyE0vnHR8/pu3XXG3vDijXpQ==",
        "dependencies": {}
      },
      "uint8arrays@3.0.0": {
        "integrity": "sha512-HRCx0q6O9Bfbp+HHSfQQKD7wU70+lydKVt4EghkdOvlK/NlrF90z+eXV34mUd48rNvVJXwkrMSPpCATkct8fJA==",
        "dependencies": {
          "multiformats": "multiformats@9.9.0"
        }
      },
      "zod@3.23.7": {
        "integrity": "sha512-NBeIoqbtOiUMomACV/y+V3Qfs9+Okr18vR5c/5pHClPpufWOrsx8TENboDPe265lFdfewX2yBtNTLPvnmCxwog==",
        "dependencies": {}
      }
    }
  },
  "redirects": {
    "https://esm.sh/preact/jsx-runtime": "https://esm.sh/preact@10.22.0/jsx-runtime"
  },
  "remote": {
    "https://esm.sh/preact@10.22.0/jsx-runtime": "c6185b52c1673f9d309dd6046051e9b6c034f14858bef62ea2a9fe9ef1ea2201",
    "https://esm.sh/stable/preact@10.22.0/denonext/jsx-runtime.js": "de60943799b1cbe6066c4f83f4ca71ef37011d7f5be7bef58ed980e8ff3f996a",
    "https://esm.sh/stable/preact@10.22.0/denonext/preact.mjs": "20c9563e051dd66e053d3afb450f61b48f2fa0d0ce4f69f8f0a2f23c1ef090da",
    "https://esm.sh/stable/preact@10.22.0/denonext/src.js": "8674e09926d897489892eae52e43d0ce884adbadc31b3042817fdba381241be1",
    "https://esm.sh/v128/preact@10.22.0/src/index.js": "563764be8932b6b9526f92768de869b17d6ad66f189aa16ddccb343bd600ea34"
  }
}
