{
  "version": "3",
  "packages": {
    "specifiers": {
      "jsr:@std/cli@^0.224.7": "jsr:@std/cli@0.224.7",
      "jsr:@std/encoding@1.0.0-rc.2": "jsr:@std/encoding@1.0.0-rc.2",
      "jsr:@std/fmt@^0.225.4": "jsr:@std/fmt@0.225.4",
      "jsr:@std/http": "jsr:@std/http@0.224.5",
      "jsr:@std/media-types@^1.0.0-rc.1": "jsr:@std/media-types@1.0.0",
      "jsr:@std/net@^0.224.3": "jsr:@std/net@0.224.3",
      "jsr:@std/path@1.0.0-rc.2": "jsr:@std/path@1.0.0-rc.2",
      "jsr:@std/streams@^0.224.5": "jsr:@std/streams@0.224.5",
      "npm:@atproto/api": "npm:@atproto/api@0.12.8"
    },
    "jsr": {
      "@std/cli@0.224.7": {
        "integrity": "654ca6477518e5e3a0d3fabafb2789e92b8c0febf1a1d24ba4b567aba94b5977"
      },
      "@std/encoding@1.0.0-rc.2": {
        "integrity": "160d7674a20ebfbccdf610b3801fee91cf6e42d1c106dd46bbaf46e395cd35ef"
      },
      "@std/fmt@0.225.4": {
        "integrity": "584c681cf422b70e28959b57e59012823609c087384cbf12d05f67814797fda3"
      },
      "@std/http@0.224.5": {
        "integrity": "b03b5d1529f6c423badfb82f6640f9f2557b4034cd7c30655ba5bb447ff750a4",
        "dependencies": [
          "jsr:@std/cli@^0.224.7",
          "jsr:@std/encoding@1.0.0-rc.2",
          "jsr:@std/fmt@^0.225.4",
          "jsr:@std/media-types@^1.0.0-rc.1",
          "jsr:@std/net@^0.224.3",
          "jsr:@std/path@1.0.0-rc.2",
          "jsr:@std/streams@^0.224.5"
        ]
      },
      "@std/media-types@1.0.0": {
        "integrity": "58ff81ce1f7af8c46304a52482db804c42936492daad19c0bd5d887832737d2b"
      },
      "@std/net@0.224.3": {
        "integrity": "a6257b9a35a4f299a0a9d4a4b76aef1f90ad05572374c5267c6c51a2ec41dfba"
      },
      "@std/path@1.0.0-rc.2": {
        "integrity": "39f20d37a44d1867abac8d91c169359ea6e942237a45a99ee1e091b32b921c7d"
      },
      "@std/streams@0.224.5": {
        "integrity": "bcde7818dd5460d474cdbd674b15f6638b9cd73cd64e52bd852fba2bd4d8ec91"
      }
    },
    "npm": {
      "@atproto/api@0.12.8": {
        "integrity": "sha512-aNbiDuaslCxS3XyMRK40/ERerqAmk5HjQc7ivTBuPQy1Svmphl5ccnsUVxJ81xjpxjv9Fli2iPgomvRFdusuNQ==",
        "dependencies": {
          "@atproto/common-web": "@atproto/common-web@0.3.0",
          "@atproto/lexicon": "@atproto/lexicon@0.4.0",
          "@atproto/syntax": "@atproto/syntax@0.3.0",
          "@atproto/xrpc": "@atproto/xrpc@0.5.0",
          "multiformats": "multiformats@9.9.0",
          "tlds": "tlds@1.252.0"
        }
      },
      "@atproto/common-web@0.3.0": {
        "integrity": "sha512-67VnV6JJyX+ZWyjV7xFQMypAgDmjVaR9ZCuU/QW+mqlqI7fex2uL4Fv+7/jHadgzhuJHVd6OHOvNn0wR5WZYtA==",
        "dependencies": {
          "graphemer": "graphemer@1.4.0",
          "multiformats": "multiformats@9.9.0",
          "uint8arrays": "uint8arrays@3.0.0",
          "zod": "zod@3.23.7"
        }
      },
      "@atproto/lexicon@0.4.0": {
        "integrity": "sha512-RvCBKdSI4M8qWm5uTNz1z3R2yIvIhmOsMuleOj8YR6BwRD+QbtUBy3l+xQ7iXf4M5fdfJFxaUNa6Ty0iRwdKqQ==",
        "dependencies": {
          "@atproto/common-web": "@atproto/common-web@0.3.0",
          "@atproto/syntax": "@atproto/syntax@0.3.0",
          "iso-datestring-validator": "iso-datestring-validator@2.2.2",
          "multiformats": "multiformats@9.9.0",
          "zod": "zod@3.23.7"
        }
      },
      "@atproto/syntax@0.3.0": {
        "integrity": "sha512-Weq0ZBxffGHDXHl9U7BQc2BFJi/e23AL+k+i5+D9hUq/bzT4yjGsrCejkjq0xt82xXDjmhhvQSZ0LqxyZ5woxA==",
        "dependencies": {}
      },
      "@atproto/xrpc@0.5.0": {
        "integrity": "sha512-swu+wyOLvYW4l3n+VAuJbHcPcES+tin2Lsrp8Bw5aIXIICiuFn1YMFlwK9JwVUzTH21Py1s1nHEjr4CJeElJog==",
        "dependencies": {
          "@atproto/lexicon": "@atproto/lexicon@0.4.0",
          "zod": "zod@3.23.7"
        }
      },
      "graphemer@1.4.0": {
        "integrity": "sha512-EtKwoO6kxCL9WO5xipiHTZlSzBm7WLT627TqC/uVRd0HKmq8NXyebnNYxDoBi7wt8eTWrUrKXCOVaFq9x1kgag==",
        "dependencies": {}
      },
      "iso-datestring-validator@2.2.2": {
        "integrity": "sha512-yLEMkBbLZTlVQqOnQ4FiMujR6T4DEcCb1xizmvXS+OxuhwcbtynoosRzdMA69zZCShCNAbi+gJ71FxZBBXx1SA==",
        "dependencies": {}
      },
      "multiformats@9.9.0": {
        "integrity": "sha512-HoMUjhH9T8DDBNT+6xzkrd9ga/XiBI4xLr58LJACwK6G3HTOPeMz4nB4KJs33L2BelrIJa7P0VuNaVF3hMYfjg==",
        "dependencies": {}
      },
      "tlds@1.252.0": {
        "integrity": "sha512-GA16+8HXvqtfEnw/DTcwB0UU354QE1n3+wh08oFjr6Znl7ZLAeUgYzCcK+/CCrOyE0vnHR8/pu3XXG3vDijXpQ==",
        "dependencies": {}
      },
      "uint8arrays@3.0.0": {
        "integrity": "sha512-HRCx0q6O9Bfbp+HHSfQQKD7wU70+lydKVt4EghkdOvlK/NlrF90z+eXV34mUd48rNvVJXwkrMSPpCATkct8fJA==",
        "dependencies": {
          "multiformats": "multiformats@9.9.0"
        }
      },
      "zod@3.23.7": {
        "integrity": "sha512-NBeIoqbtOiUMomACV/y+V3Qfs9+Okr18vR5c/5pHClPpufWOrsx8TENboDPe265lFdfewX2yBtNTLPvnmCxwog==",
        "dependencies": {}
      }
    }
  },
  "remote": {
    "https://deno.land/x/ammonia@0.3.1/mod.ts": "170075af1b2e2922b2f1229bac4acba5cb824b10e97de4604da55ea492db2e26",
    "https://deno.land/x/ammonia@0.3.1/pkg/ammonia_wasm.js": "75a90cc78b52f1f2e4e998c1b574f97097de2d2ee7f3a55dca562c4f93a618e0",
    "https://deno.land/x/ammonia@0.3.1/wasm.js": "60a03b400d2ff529d2d3a0a804f10abe564d5ffaa1bf8344c2c27799088f514e",
    "https://deno.land/x/lz4@v0.1.2/mod.ts": "4decfc1a3569d03fd1813bd39128b71c8f082850fe98ecfdde20025772916582",
    "https://deno.land/x/lz4@v0.1.2/wasm.js": "b9c65605327ba273f0c76a6dc596ec534d4cda0f0225d7a94ebc606782319e46"
  }
}
