jordanreger.com/bsky/api v0.0.0-20240502183753-0e5dd1df59ea h1:tnIpz7R88azGeI4dO8VJZhv35p5CVdsfXFap2rdhZeM=
jordanreger.com/bsky/api v0.0.0-20240502183753-0e5dd1df59ea/go.mod h1:AYfNuXU6WEWG+JiqwwIwlmIOUlMABDbUFd4i9ffnfRE=
jordanreger.com/bsky/util v0.0.0-20240502183753-0e5dd1df59ea h1:WBhmOi7MGzV5MF7oaGQwqQ8MJwbpYOzezKpC1DilhVg=
jordanreger.com/bsky/util v0.0.0-20240502183753-0e5dd1df59ea/go.mod h1:qGCb++h6UadQVB7GcWjxd9EpOSPNA0Jf16FUkpxXK48=
